{
  "version": 4,
  "terraform_version": "1.10.2",
  "serial": 24,
  "lineage": "a6105221-d07f-9da4-fe64-7a7655ae5049",
  "outputs": {},
  "resources": [
    {
      "mode": "managed",
      "type": "github_repository",
      "name": "my_repo",
      "provider": "provider[\"registry.terraform.io/integrations/github\"]",
      "instances": [
        {
          "schema_version": 1,
          "attributes": {
            "allow_auto_merge": false,
            "allow_merge_commit": true,
            "allow_rebase_merge": true,
            "allow_squash_merge": true,
            "allow_update_branch": false,
            "archive_on_destroy": null,
            "archived": false,
            "auto_init": true,
            "default_branch": "develop",
            "delete_branch_on_merge": false,
            "description": "Repository managed by Terraform",
            "etag": "W/\"6285ae8bfe42ea9bed665751e3ba5919b0e23ce15bb7c3777f49da8da1245654\"",
            "full_name": "nadiablack/github-terraform-task-nadiablack-final",
            "git_clone_url": "git://github.com/nadiablack/github-terraform-task-nadiablack-final.git",
            "gitignore_template": null,
            "has_discussions": false,
            "has_downloads": false,
            "has_issues": false,
            "has_projects": false,
            "has_wiki": false,
            "homepage_url": "",
            "html_url": "https://github.com/nadiablack/github-terraform-task-nadiablack-final",
            "http_clone_url": "https://github.com/nadiablack/github-terraform-task-nadiablack-final.git",
            "id": "github-terraform-task-nadiablack-final",
            "ignore_vulnerability_alerts_during_read": null,
            "is_template": false,
            "license_template": null,
            "merge_commit_message": "PR_TITLE",
            "merge_commit_title": "MERGE_MESSAGE",
            "name": "github-terraform-task-nadiablack",
            "node_id": "R_kgDONdgz2A",
            "pages": [],
            "primary_language": "",
            "private": true,
            "repo_id": 903361496,
            "security_and_analysis": [],
            "squash_merge_commit_message": "COMMIT_MESSAGES",
            "squash_merge_commit_title": "COMMIT_OR_PR_TITLE",
            "ssh_clone_url": "git@github.com:nadiablack/github-terraform-task-nadiablack-final.git",
            "svn_url": "https://github.com/nadiablack/github-terraform-task-nadiablack-final",
            "template": [],
            "topics": [],
            "visibility": "public",
            "vulnerability_alerts": false,
            "web_commit_signoff_required": false
          },
          "sensitive_attributes": [],
          "private": "eyJzY2hlbWFfdmVyc2lvbiI6IjEifQ=="
        }
      ]
    }
  ],
  "check_results": null
}
