{
  "version": 4,
  "terraform_version": "1.10.2",
  "serial": 19,
  "lineage": "a6105221-d07f-9da4-fe64-7a7655ae5049",
  "outputs": {},
  "resources": [
    {
      "mode": "managed",
      "type": "github_branch",
      "name": "develop",
      "provider": "provider[\"registry.terraform.io/integrations/github\"]",
      "instances": [
        {
          "schema_version": 0,
          "attributes": {
            "branch": "develop",
            "etag": "W/\"529ddc071305248de425705cb022a73b7ea8ab2ccf8c9331065a1abb21c0663c\"",
            "id": "github-terraform-task-nadiablack-final:develop",
            "ref": "refs/heads/develop",
            "repository": "github-terraform-task-nadiablack-final",
            "sha": "510e5c5053534765018c2159d54e420d21286a57",
            "source_branch": "main",
            "source_sha": "510e5c5053534765018c2159d54e420d21286a57"
          },
          "sensitive_attributes": [],
          "private": "bnVsbA==",
          "dependencies": [
            "github_repository.my_repo"
          ]
        }
      ]
    },
    {
      "mode": "managed",
      "type": "github_branch_default",
      "name": "default",
      "provider": "provider[\"registry.terraform.io/integrations/github\"]",
      "instances": [
        {
          "schema_version": 0,
          "attributes": {
            "branch": "develop",
            "etag": "W/\"9cad6062c250dcbd038355094cd1c76e6a63a0a49446232bd9ab287826aa86e6\"",
            "id": "github-terraform-task-nadiablack-final",
            "rename": false,
            "repository": "github-terraform-task-nadiablack-final"
          },
          "sensitive_attributes": [],
          "private": "bnVsbA==",
          "dependencies": [
            "github_branch.develop",
            "github_repository.my_repo"
          ]
        }
      ]
    },
    {
      "mode": "managed",
      "type": "github_repository",
      "name": "my_repo",
      "provider": "provider[\"registry.terraform.io/integrations/github\"]",
      "instances": [
        {
          "schema_version": 1,
          "attributes": {
            "allow_auto_merge": false,
            "allow_merge_commit": true,
            "allow_rebase_merge": true,
            "allow_squash_merge": true,
            "allow_update_branch": false,
            "archive_on_destroy": null,
            "archived": false,
            "auto_init": true,
            "default_branch": "main",
            "delete_branch_on_merge": false,
            "description": "Repository managed by Terraform",
            "etag": "W/\"dce892596809d6ebb532605b2833c6a5b5519475d1aeec364fd07260746ac4b0\"",
            "full_name": "nadiablack/github-terraform-task-nadiablack-final",
            "git_clone_url": "git://github.com/nadiablack/github-terraform-task-nadiablack-final.git",
            "gitignore_template": null,
            "has_discussions": false,
            "has_downloads": false,
            "has_issues": true,
            "has_projects": true,
            "has_wiki": false,
            "homepage_url": "",
            "html_url": "https://github.com/nadiablack/github-terraform-task-nadiablack-final",
            "http_clone_url": "https://github.com/nadiablack/github-terraform-task-nadiablack-final.git",
            "id": "github-terraform-task-nadiablack-final",
            "ignore_vulnerability_alerts_during_read": null,
            "is_template": false,
            "license_template": null,
            "merge_commit_message": "PR_TITLE",
            "merge_commit_title": "MERGE_MESSAGE",
            "name": "github-terraform-task-nadiablack-final",
            "node_id": "R_kgDONdgz2A",
            "pages": [],
            "primary_language": "",
            "private": true,
            "repo_id": 903361496,
            "security_and_analysis": [],
            "squash_merge_commit_message": "COMMIT_MESSAGES",
            "squash_merge_commit_title": "COMMIT_OR_PR_TITLE",
            "ssh_clone_url": "git@github.com:nadiablack/github-terraform-task-nadiablack-final.git",
            "svn_url": "https://github.com/nadiablack/github-terraform-task-nadiablack-final",
            "template": [],
            "topics": [],
            "visibility": "private",
            "vulnerability_alerts": false,
            "web_commit_signoff_required": false
          },
          "sensitive_attributes": [],
          "private": "eyJzY2hlbWFfdmVyc2lvbiI6IjEifQ=="
        }
      ]
    },
    {
      "mode": "managed",
      "type": "github_repository_collaborator",
      "name": "collaborator",
      "provider": "provider[\"registry.terraform.io/integrations/github\"]",
      "instances": [
        {
          "schema_version": 0,
          "attributes": {
            "id": "github-terraform-task-nadiablack-final:softservedata",
            "invitation_id": "268985217",
            "permission": "push",
            "permission_diff_suppression": false,
            "repository": "github-terraform-task-nadiablack-final",
            "username": "softservedata"
          },
          "sensitive_attributes": [],
          "private": "bnVsbA==",
          "dependencies": [
            "github_repository.my_repo"
          ]
        }
      ]
    }
  ],
  "check_results": null
}
